name: com.rsherriff.woodblock
displayName: Woodblock
description: A simple and quick manager and UI for games written in INK.
repoUrl: 'https://github.com/rSherriff/woodblock'
parentRepoUrl: null
licenseSpdxId: MIT
licenseName: MIT License
topics:
  - 2d
  - gui
hunter: ''
gitTagPrefix: ''
gitTagIgnore: ''
minVersion: ''
image: null
readme: 'main:README.md'
readme_zhCN: ''
displayName_zhCN: ''
description_zhCN: ''
createdAt: 1618912694710
